
Microsoft Visual Studio Solution File, Format Version 12.00
Project("{FAE04EC0-301F-11D3-BF4B-00C04F79EFBC}") = "dotnet-simple-chat-be", "dotnet-simple-chat-be\dotnet-simple-chat-be.csproj", "{ED6EA131-EF13-4CB6-ADFC-FCBC33524C08}"
EndProject
Project("{2150E333-8FDC-42A3-9474-1A3956D46DE8}") = "Solution Items", "Solution Items", "{0F57F391-B027-43BE-B9AC-31800ADF29E1}"
	ProjectSection(SolutionItems) = preProject
		docker-compose.yml = docker-compose.yml
		.env = .env
	EndProjectSection
EndProject
Global
	GlobalSection(SolutionConfigurationPlatforms) = preSolution
		Debug|Any CPU = Debug|Any CPU
		Release|Any CPU = Release|Any CPU
	EndGlobalSection
	GlobalSection(ProjectConfigurationPlatforms) = postSolution
		{ED6EA131-EF13-4CB6-ADFC-FCBC33524C08}.Debug|Any CPU.ActiveCfg = Debug|Any CPU
		{ED6EA131-EF13-4CB6-ADFC-FCBC33524C08}.Debug|Any CPU.Build.0 = Debug|Any CPU
		{ED6EA131-EF13-4CB6-ADFC-FCBC33524C08}.Release|Any CPU.ActiveCfg = Release|Any CPU
		{ED6EA131-EF13-4CB6-ADFC-FCBC33524C08}.Release|Any CPU.Build.0 = Release|Any CPU
	EndGlobalSection
EndGlobal
